
Microsoft Visual Studio Solution File, Format Version 12.00
# Visual Studio Version 17
VisualStudioVersion = 17.3.32811.315
MinimumVisualStudioVersion = 10.0.40219.1
Project("{FAE04EC0-301F-11D3-BF4B-00C04F79EFBC}") = "GTPRevitToolkit", "GTPRevitToolkit.csproj", "{328A18C5-6640-44F0-8096-394D831EFF36}"
EndProject
Global
	GlobalSection(SolutionConfigurationPlatforms) = preSolution
		Debug (Revit 2024)|Any CPU = Debug (Revit 2024)|Any CPU
		Debug (Revit 2024)|ARM64 = Debug (Revit 2024)|ARM64
		Debug (Revit 2024)|x64 = Debug (Revit 2024)|x64
		Debug (Revit 2024)|x86 = Debug (Revit 2024)|x86
		Debug (Revit 2019)|Any CPU = Debug (Revit 2019)|Any CPU
		Debug (Revit 2019)|ARM64 = Debug (Revit 2019)|ARM64
		Debug (Revit 2019)|x64 = Debug (Revit 2019)|x64
		Debug (Revit 2019)|x86 = Debug (Revit 2019)|x86
		Debug (Revit 2020)|Any CPU = Debug (Revit 2020)|Any CPU
		Debug (Revit 2020)|ARM64 = Debug (Revit 2020)|ARM64
		Debug (Revit 2020)|x64 = Debug (Revit 2020)|x64
		Debug (Revit 2020)|x86 = Debug (Revit 2020)|x86
		Debug (Revit 2021)|Any CPU = Debug (Revit 2021)|Any CPU
		Debug (Revit 2021)|ARM64 = Debug (Revit 2021)|ARM64
		Debug (Revit 2021)|x64 = Debug (Revit 2021)|x64
		Debug (Revit 2021)|x86 = Debug (Revit 2021)|x86
		Debug (Revit 2022)|Any CPU = Debug (Revit 2022)|Any CPU
		Debug (Revit 2022)|ARM64 = Debug (Revit 2022)|ARM64
		Debug (Revit 2022)|x64 = Debug (Revit 2022)|x64
		Debug (Revit 2022)|x86 = Debug (Revit 2022)|x86
		Debug (Revit 2023)|Any CPU = Debug (Revit 2023)|Any CPU
		Debug (Revit 2023)|ARM64 = Debug (Revit 2023)|ARM64
		Debug (Revit 2023)|x64 = Debug (Revit 2023)|x64
		Debug (Revit 2023)|x86 = Debug (Revit 2023)|x86
		Release (Revit 2024)|Any CPU = Release (Revit 2024)|Any CPU
		Release (Revit 2024)|ARM64 = Release (Revit 2024)|ARM64
		Release (Revit 2024)|x64 = Release (Revit 2024)|x64
		Release (Revit 2024)|x86 = Release (Revit 2024)|x86
		Release (Revit 2019)|Any CPU = Release (Revit 2019)|Any CPU
		Release (Revit 2019)|ARM64 = Release (Revit 2019)|ARM64
		Release (Revit 2019)|x64 = Release (Revit 2019)|x64
		Release (Revit 2019)|x86 = Release (Revit 2019)|x86
		Release (Revit 2020)|Any CPU = Release (Revit 2020)|Any CPU
		Release (Revit 2020)|ARM64 = Release (Revit 2020)|ARM64
		Release (Revit 2020)|x64 = Release (Revit 2020)|x64
		Release (Revit 2020)|x86 = Release (Revit 2020)|x86
		Release (Revit 2021)|Any CPU = Release (Revit 2021)|Any CPU
		Release (Revit 2021)|ARM64 = Release (Revit 2021)|ARM64
		Release (Revit 2021)|x64 = Release (Revit 2021)|x64
		Release (Revit 2021)|x86 = Release (Revit 2021)|x86
		Release (Revit 2022)|Any CPU = Release (Revit 2022)|Any CPU
		Release (Revit 2022)|ARM64 = Release (Revit 2022)|ARM64
		Release (Revit 2022)|x64 = Release (Revit 2022)|x64
		Release (Revit 2022)|x86 = Release (Revit 2022)|x86
		Release (Revit 2023)|Any CPU = Release (Revit 2023)|Any CPU
		Release (Revit 2023)|ARM64 = Release (Revit 2023)|ARM64
		Release (Revit 2023)|x64 = Release (Revit 2023)|x64
		Release (Revit 2023)|x86 = Release (Revit 2023)|x86
	EndGlobalSection
	GlobalSection(ProjectConfigurationPlatforms) = postSolution
		{328A18C5-6640-44F0-8096-394D831EFF36}.Debug (Revit 2024)|Any CPU.ActiveCfg = Release (Revit 2021)|Any CPU
		{328A18C5-6640-44F0-8096-394D831EFF36}.Debug (Revit 2024)|Any CPU.Build.0 = Release (Revit 2021)|Any CPU
		{328A18C5-6640-44F0-8096-394D831EFF36}.Debug (Revit 2024)|ARM64.ActiveCfg = Debug (Revit 2024)|ARM64
		{328A18C5-6640-44F0-8096-394D831EFF36}.Debug (Revit 2024)|ARM64.Build.0 = Debug (Revit 2024)|ARM64
		{328A18C5-6640-44F0-8096-394D831EFF36}.Debug (Revit 2024)|x64.ActiveCfg = Debug (Revit 2024)|x64
		{328A18C5-6640-44F0-8096-394D831EFF36}.Debug (Revit 2024)|x64.Build.0 = Debug (Revit 2024)|x64
		{328A18C5-6640-44F0-8096-394D831EFF36}.Debug (Revit 2024)|x86.ActiveCfg = Debug (Revit 2024)|x86
		{328A18C5-6640-44F0-8096-394D831EFF36}.Debug (Revit 2024)|x86.Build.0 = Debug (Revit 2024)|x86
		{328A18C5-6640-44F0-8096-394D831EFF36}.Debug (Revit 2019)|Any CPU.ActiveCfg = Debug (Revit 2019)|Any CPU
		{328A18C5-6640-44F0-8096-394D831EFF36}.Debug (Revit 2019)|Any CPU.Build.0 = Debug (Revit 2019)|Any CPU
		{328A18C5-6640-44F0-8096-394D831EFF36}.Debug (Revit 2019)|ARM64.ActiveCfg = Debug (Revit 2019)|ARM64
		{328A18C5-6640-44F0-8096-394D831EFF36}.Debug (Revit 2019)|ARM64.Build.0 = Debug (Revit 2019)|ARM64
		{328A18C5-6640-44F0-8096-394D831EFF36}.Debug (Revit 2019)|x64.ActiveCfg = Debug (Revit 2019)|x64
		{328A18C5-6640-44F0-8096-394D831EFF36}.Debug (Revit 2019)|x64.Build.0 = Debug (Revit 2019)|x64
		{328A18C5-6640-44F0-8096-394D831EFF36}.Debug (Revit 2019)|x86.ActiveCfg = Debug (Revit 2019)|x86
		{328A18C5-6640-44F0-8096-394D831EFF36}.Debug (Revit 2019)|x86.Build.0 = Debug (Revit 2019)|x86
		{328A18C5-6640-44F0-8096-394D831EFF36}.Debug (Revit 2020)|Any CPU.ActiveCfg = Debug (Revit 2020)|Any CPU
		{328A18C5-6640-44F0-8096-394D831EFF36}.Debug (Revit 2020)|Any CPU.Build.0 = Debug (Revit 2020)|Any CPU
		{328A18C5-6640-44F0-8096-394D831EFF36}.Debug (Revit 2020)|ARM64.ActiveCfg = Debug (Revit 2020)|ARM64
		{328A18C5-6640-44F0-8096-394D831EFF36}.Debug (Revit 2020)|ARM64.Build.0 = Debug (Revit 2020)|ARM64
		{328A18C5-6640-44F0-8096-394D831EFF36}.Debug (Revit 2020)|x64.ActiveCfg = Debug (Revit 2020)|x64
		{328A18C5-6640-44F0-8096-394D831EFF36}.Debug (Revit 2020)|x64.Build.0 = Debug (Revit 2020)|x64
		{328A18C5-6640-44F0-8096-394D831EFF36}.Debug (Revit 2020)|x86.ActiveCfg = Debug (Revit 2020)|x86
		{328A18C5-6640-44F0-8096-394D831EFF36}.Debug (Revit 2020)|x86.Build.0 = Debug (Revit 2020)|x86
		{328A18C5-6640-44F0-8096-394D831EFF36}.Debug (Revit 2021)|Any CPU.ActiveCfg = Debug (Revit 2021)|Any CPU
		{328A18C5-6640-44F0-8096-394D831EFF36}.Debug (Revit 2021)|Any CPU.Build.0 = Debug (Revit 2021)|Any CPU
		{328A18C5-6640-44F0-8096-394D831EFF36}.Debug (Revit 2021)|ARM64.ActiveCfg = Debug (Revit 2021)|ARM64
		{328A18C5-6640-44F0-8096-394D831EFF36}.Debug (Revit 2021)|ARM64.Build.0 = Debug (Revit 2021)|ARM64
		{328A18C5-6640-44F0-8096-394D831EFF36}.Debug (Revit 2021)|x64.ActiveCfg = Debug (Revit 2021)|x64
		{328A18C5-6640-44F0-8096-394D831EFF36}.Debug (Revit 2021)|x64.Build.0 = Debug (Revit 2021)|x64
		{328A18C5-6640-44F0-8096-394D831EFF36}.Debug (Revit 2021)|x86.ActiveCfg = Debug (Revit 2021)|x86
		{328A18C5-6640-44F0-8096-394D831EFF36}.Debug (Revit 2021)|x86.Build.0 = Debug (Revit 2021)|x86
		{328A18C5-6640-44F0-8096-394D831EFF36}.Debug (Revit 2022)|Any CPU.ActiveCfg = Debug (Revit 2022)|Any CPU
		{328A18C5-6640-44F0-8096-394D831EFF36}.Debug (Revit 2022)|Any CPU.Build.0 = Debug (Revit 2022)|Any CPU
		{328A18C5-6640-44F0-8096-394D831EFF36}.Debug (Revit 2022)|ARM64.ActiveCfg = Debug (Revit 2022)|ARM64
		{328A18C5-6640-44F0-8096-394D831EFF36}.Debug (Revit 2022)|ARM64.Build.0 = Debug (Revit 2022)|ARM64
		{328A18C5-6640-44F0-8096-394D831EFF36}.Debug (Revit 2022)|x64.ActiveCfg = Debug (Revit 2022)|x64
		{328A18C5-6640-44F0-8096-394D831EFF36}.Debug (Revit 2022)|x64.Build.0 = Debug (Revit 2022)|x64
		{328A18C5-6640-44F0-8096-394D831EFF36}.Debug (Revit 2022)|x86.ActiveCfg = Debug (Revit 2022)|x86
		{328A18C5-6640-44F0-8096-394D831EFF36}.Debug (Revit 2022)|x86.Build.0 = Debug (Revit 2022)|x86
		{328A18C5-6640-44F0-8096-394D831EFF36}.Debug (Revit 2023)|Any CPU.ActiveCfg = Debug (Revit 2023)|Any CPU
		{328A18C5-6640-44F0-8096-394D831EFF36}.Debug (Revit 2023)|Any CPU.Build.0 = Debug (Revit 2023)|Any CPU
		{328A18C5-6640-44F0-8096-394D831EFF36}.Debug (Revit 2023)|ARM64.ActiveCfg = Debug (Revit 2023)|ARM64
		{328A18C5-6640-44F0-8096-394D831EFF36}.Debug (Revit 2023)|ARM64.Build.0 = Debug (Revit 2023)|ARM64
		{328A18C5-6640-44F0-8096-394D831EFF36}.Debug (Revit 2023)|x64.ActiveCfg = Debug (Revit 2023)|x64
		{328A18C5-6640-44F0-8096-394D831EFF36}.Debug (Revit 2023)|x64.Build.0 = Debug (Revit 2023)|x64
		{328A18C5-6640-44F0-8096-394D831EFF36}.Debug (Revit 2023)|x86.ActiveCfg = Debug (Revit 2023)|x86
		{328A18C5-6640-44F0-8096-394D831EFF36}.Debug (Revit 2023)|x86.Build.0 = Debug (Revit 2023)|x86
		{328A18C5-6640-44F0-8096-394D831EFF36}.Release (Revit 2024)|Any CPU.ActiveCfg = Release (Revit 2024)|Any CPU
		{328A18C5-6640-44F0-8096-394D831EFF36}.Release (Revit 2024)|Any CPU.Build.0 = Release (Revit 2024)|Any CPU
		{328A18C5-6640-44F0-8096-394D831EFF36}.Release (Revit 2024)|ARM64.ActiveCfg = Release (Revit 2024)|ARM64
		{328A18C5-6640-44F0-8096-394D831EFF36}.Release (Revit 2024)|ARM64.Build.0 = Release (Revit 2024)|ARM64
		{328A18C5-6640-44F0-8096-394D831EFF36}.Release (Revit 2024)|x64.ActiveCfg = Release (Revit 2024)|x64
		{328A18C5-6640-44F0-8096-394D831EFF36}.Release (Revit 2024)|x64.Build.0 = Release (Revit 2024)|x64
		{328A18C5-6640-44F0-8096-394D831EFF36}.Release (Revit 2024)|x86.ActiveCfg = Release (Revit 2024)|x86
		{328A18C5-6640-44F0-8096-394D831EFF36}.Release (Revit 2024)|x86.Build.0 = Release (Revit 2024)|x86
		{328A18C5-6640-44F0-8096-394D831EFF36}.Release (Revit 2019)|Any CPU.ActiveCfg = Release (Revit 2019)|Any CPU
		{328A18C5-6640-44F0-8096-394D831EFF36}.Release (Revit 2019)|Any CPU.Build.0 = Release (Revit 2019)|Any CPU
		{328A18C5-6640-44F0-8096-394D831EFF36}.Release (Revit 2019)|ARM64.ActiveCfg = Release (Revit 2019)|ARM64
		{328A18C5-6640-44F0-8096-394D831EFF36}.Release (Revit 2019)|ARM64.Build.0 = Release (Revit 2019)|ARM64
		{328A18C5-6640-44F0-8096-394D831EFF36}.Release (Revit 2019)|x64.ActiveCfg = Release (Revit 2019)|x64
		{328A18C5-6640-44F0-8096-394D831EFF36}.Release (Revit 2019)|x64.Build.0 = Release (Revit 2019)|x64
		{328A18C5-6640-44F0-8096-394D831EFF36}.Release (Revit 2019)|x86.ActiveCfg = Release (Revit 2019)|x86
		{328A18C5-6640-44F0-8096-394D831EFF36}.Release (Revit 2019)|x86.Build.0 = Release (Revit 2019)|x86
		{328A18C5-6640-44F0-8096-394D831EFF36}.Release (Revit 2020)|Any CPU.ActiveCfg = Release (Revit 2020)|Any CPU
		{328A18C5-6640-44F0-8096-394D831EFF36}.Release (Revit 2020)|Any CPU.Build.0 = Release (Revit 2020)|Any CPU
		{328A18C5-6640-44F0-8096-394D831EFF36}.Release (Revit 2020)|ARM64.ActiveCfg = Release (Revit 2020)|ARM64
		{328A18C5-6640-44F0-8096-394D831EFF36}.Release (Revit 2020)|ARM64.Build.0 = Release (Revit 2020)|ARM64
		{328A18C5-6640-44F0-8096-394D831EFF36}.Release (Revit 2020)|x64.ActiveCfg = Release (Revit 2020)|x64
		{328A18C5-6640-44F0-8096-394D831EFF36}.Release (Revit 2020)|x64.Build.0 = Release (Revit 2020)|x64
		{328A18C5-6640-44F0-8096-394D831EFF36}.Release (Revit 2020)|x86.ActiveCfg = Release (Revit 2020)|x86
		{328A18C5-6640-44F0-8096-394D831EFF36}.Release (Revit 2020)|x86.Build.0 = Release (Revit 2020)|x86
		{328A18C5-6640-44F0-8096-394D831EFF36}.Release (Revit 2021)|Any CPU.ActiveCfg = Release (Revit 2021)|Any CPU
		{328A18C5-6640-44F0-8096-394D831EFF36}.Release (Revit 2021)|Any CPU.Build.0 = Release (Revit 2021)|Any CPU
		{328A18C5-6640-44F0-8096-394D831EFF36}.Release (Revit 2021)|ARM64.ActiveCfg = Release (Revit 2021)|ARM64
		{328A18C5-6640-44F0-8096-394D831EFF36}.Release (Revit 2021)|ARM64.Build.0 = Release (Revit 2021)|ARM64
		{328A18C5-6640-44F0-8096-394D831EFF36}.Release (Revit 2021)|x64.ActiveCfg = Release (Revit 2021)|x64
		{328A18C5-6640-44F0-8096-394D831EFF36}.Release (Revit 2021)|x64.Build.0 = Release (Revit 2021)|x64
		{328A18C5-6640-44F0-8096-394D831EFF36}.Release (Revit 2021)|x86.ActiveCfg = Release (Revit 2021)|x86
		{328A18C5-6640-44F0-8096-394D831EFF36}.Release (Revit 2021)|x86.Build.0 = Release (Revit 2021)|x86
		{328A18C5-6640-44F0-8096-394D831EFF36}.Release (Revit 2022)|Any CPU.ActiveCfg = Release (Revit 2022)|Any CPU
		{328A18C5-6640-44F0-8096-394D831EFF36}.Release (Revit 2022)|Any CPU.Build.0 = Release (Revit 2022)|Any CPU
		{328A18C5-6640-44F0-8096-394D831EFF36}.Release (Revit 2022)|ARM64.ActiveCfg = Release (Revit 2022)|ARM64
		{328A18C5-6640-44F0-8096-394D831EFF36}.Release (Revit 2022)|ARM64.Build.0 = Release (Revit 2022)|ARM64
		{328A18C5-6640-44F0-8096-394D831EFF36}.Release (Revit 2022)|x64.ActiveCfg = Release (Revit 2022)|x64
		{328A18C5-6640-44F0-8096-394D831EFF36}.Release (Revit 2022)|x64.Build.0 = Release (Revit 2022)|x64
		{328A18C5-6640-44F0-8096-394D831EFF36}.Release (Revit 2022)|x86.ActiveCfg = Release (Revit 2022)|x86
		{328A18C5-6640-44F0-8096-394D831EFF36}.Release (Revit 2022)|x86.Build.0 = Release (Revit 2022)|x86
		{328A18C5-6640-44F0-8096-394D831EFF36}.Release (Revit 2023)|Any CPU.ActiveCfg = Release (Revit 2023)|Any CPU
		{328A18C5-6640-44F0-8096-394D831EFF36}.Release (Revit 2023)|Any CPU.Build.0 = Release (Revit 2023)|Any CPU
		{328A18C5-6640-44F0-8096-394D831EFF36}.Release (Revit 2023)|ARM64.ActiveCfg = Release (Revit 2023)|ARM64
		{328A18C5-6640-44F0-8096-394D831EFF36}.Release (Revit 2023)|ARM64.Build.0 = Release (Revit 2023)|ARM64
		{328A18C5-6640-44F0-8096-394D831EFF36}.Release (Revit 2023)|x64.ActiveCfg = Release (Revit 2023)|x64
		{328A18C5-6640-44F0-8096-394D831EFF36}.Release (Revit 2023)|x64.Build.0 = Release (Revit 2023)|x64
		{328A18C5-6640-44F0-8096-394D831EFF36}.Release (Revit 2023)|x86.ActiveCfg = Release (Revit 2023)|x86
		{328A18C5-6640-44F0-8096-394D831EFF36}.Release (Revit 2023)|x86.Build.0 = Release (Revit 2023)|x86
	EndGlobalSection
	GlobalSection(SolutionProperties) = preSolution
		HideSolutionNode = FALSE
	EndGlobalSection
	GlobalSection(ExtensibilityGlobals) = postSolution
		SolutionGuid = {A16794FF-1D16-4042-8D75-BE0204114E8B}
	EndGlobalSection
EndGlobal
